PODS:
  - Alamofire (5.6.1)
  - Differentiator (5.0.0)
  - DynamicBottomSheet (1.0.2):
    - RxCocoa (~> 6.0)
    - RxGesture (~> 4.0)
    - RxSwift (~> 6.0)
    - SnapKit (~> 5.0)
    - Then (~> 2.0)
  - KakaoSDKAuth (2.11.1):
    - KakaoSDKCommon (= 2.11.1)
  - KakaoSDKCommon (2.11.1):
    - KakaoSDKCommon/Common (= 2.11.1)
    - KakaoSDKCommon/Network (= 2.11.1)
  - KakaoSDKCommon/Common (2.11.1)
  - KakaoSDKCommon/Network (2.11.1):
    - Alamofire (~> 5.1)
    - KakaoSDKCommon/Common (= 2.11.1)
  - KakaoSDKUser (2.11.1):
    - KakaoSDKAuth (= 2.11.1)
  - Kingfisher (7.6.2)
  - lottie-ios (3.3.0)
  - RxCocoa (6.1.0):
    - RxRelay (= 6.1.0)
    - RxSwift (= 6.1.0)
  - RxDataSources (5.0.0):
    - Differentiator (~> 5.0)
    - RxCocoa (~> 6.0)
    - RxSwift (~> 6.0)
  - RxGesture (4.0.4):
    - RxCocoa (~> 6.0)
    - RxSwift (~> 6.0)
  - RxRelay (6.1.0):
    - RxSwift (= 6.1.0)
  - RxSwift (6.1.0)
  - SnapKit (5.6.0)
  - Then (2.7.0)
  - "UITextView+Placeholder (1.4.0)"

DEPENDENCIES:
  - Alamofire
  - DynamicBottomSheet
  - KakaoSDKAuth (< 2.13.1)
  - KakaoSDKUser (< 2.13.1)
  - Kingfisher (~> 7.0)
  - lottie-ios
  - RxCocoa (< 6.2.0)
  - RxDataSources (< 5.1.0)
  - RxGesture (< 4.1.0)
  - RxSwift (< 6.2.0)
  - SnapKit
  - Then
  - "UITextView+Placeholder"

SPEC REPOS:
  trunk:
    - Alamofire
    - Differentiator
    - DynamicBottomSheet
    - KakaoSDKAuth
    - KakaoSDKCommon
    - KakaoSDKUser
    - Kingfisher
    - lottie-ios
    - RxCocoa
    - RxDataSources
    - RxGesture
    - RxRelay
    - RxSwift
    - SnapKit
    - Then
    - "UITextView+Placeholder"

SPEC CHECKSUMS:
  Alamofire: 87bd8c952f9a4454320fce00d9cc3de57bcadaf5
  Differentiator: e8497ceab83c1b10ca233716d547b9af21b9344d
  DynamicBottomSheet: b11ead81bf8ee494b26cbd16ff2312313e90d9e3
  KakaoSDKAuth: bb2dfa7be30daa8403c9cfc8001aa6fde7a5b779
  KakaoSDKCommon: 555e1bb46595b842ded01cf7888cc17bbae4e113
  KakaoSDKUser: 08c0a4f40bebdebdf948a9e3d0e44ed5c2754f99
  Kingfisher: 6c5449c6450c5239166510ba04afe374a98afc4f
  lottie-ios: 6ac74dcc09904798f59b18cb3075c089d76be9ae
  RxCocoa: 5c51f02d562cbd94629f6c26cf0c80fe4ab8d343
  RxDataSources: aa47cc1ed6c500fa0dfecac5c979b723542d79cf
  RxGesture: f3efb47ed2d26a8082f7b660d4a59970e275a7f8
  RxRelay: 483e1a19fad961b41f0b0c0bee506f46c1ae14fe
  RxSwift: a834e5c538e89eca0cae86f403f4fbf0336786ce
  SnapKit: e01d52ebb8ddbc333eefe2132acf85c8227d9c25
  Then: acfe0be7e98221c6204e12f8161459606d5d822d
  "UITextView+Placeholder": d7b0c400921f66523f3a85d74f774512e14f6502

PODFILE CHECKSUM: a3ecae76e5a189de7c8f16fb031c6faa7b8dceac

COCOAPODS: 1.11.3
